{
  "name": "gunny-mobile-ios-web",
  "version": "0.1.0",
  "lockfileVersion": 3,
  "requires": true,
  "packages": {
    "": {
      "name": "gunny-mobile-ios-web",
      "version": "0.1.0",
      "dependencies": {
        "@ruffle-rs/ruffle": "0.6.0"
      }
    },
    "node_modules/@ruffle-rs/ruffle": {
      "version": "0.6.0",
      "resolved": "https://registry.npmjs.org/@ruffle-rs/ruffle/-/ruffle-0.6.0.tgz",
      "integrity": "sha512-P2X1zDENBoiLt2ZjPcsUzaDxoR7fVF2e1U/bi7hbIAQEjkykxljSoG8AgbywHvlVVzL9Y5tIZMRqDwIm31jgPA==",
      "license": "(MIT OR Apache-2.0)"
    }
  }
}
